dependencies:
  espressif/esp-dl:
    component_hash: 996c9d5ae81ebbb38d3e70314cccdae6e2ae0908842fad3512cff60db734635c
    dependencies:
    - name: espressif/esp_new_jpeg
      registry_url: https://components.espressif.com
      require: private
      version: ^0.6.1
    - name: idf
      require: private
      version: '>=5.3'
    source:
      registry_url: https://components.espressif.com/
      type: service
    targets:
    - esp32
    - esp32s3
    - esp32p4
    version: 3.1.5
  espressif/esp_new_jpeg:
    component_hash: e6af208a875abd0ecfc0213d3751a11b504b463ebde6930f24096047925fa5c1
    dependencies: []
    source:
      registry_url: https://components.espressif.com
      type: service
    targets:
    - esp32
    - esp32s2
    - esp32s3
    - esp32p4
    - esp32c2
    - esp32c3
    - esp32c5
    - esp32c6
    version: 0.6.1
  idf:
    source:
      type: idf
    version: 5.4.4
direct_dependencies:
- espressif/esp-dl
- idf
manifest_hash: e8c4e299f4cd943832ac5732cc1292b15bdec5a35c17b0a88ef3c5a7d736a08a
target: esp32s3
version: 2.0.0
